
Microsoft Visual Studio Solution File, Format Version 12.00
# Visual Studio Version 17
VisualStudioVersion = 17.7.34031.279
MinimumVisualStudioVersion = 10.0.40219.1
Project("{9A19103F-16F7-4668-BE54-9A1E7A4F7556}") = "Essential-10_1", "Essential-10_1\Essential-10_1.csproj", "{F4751C2F-27DC-4E91-BB24-8D5C6BBF3476}"
EndProject
Project("{FAE04EC0-301F-11D3-BF4B-00C04F79EFBC}") = "Essential-10_2", "Essential-10_2\Essential-10_2.csproj", "{7F5C2EEB-E5A6-4110-BBF9-409839FC5627}"
EndProject
Project("{FAE04EC0-301F-11D3-BF4B-00C04F79EFBC}") = "Essential10_3", "Essential10_3\Essential10_3.csproj", "{76FC0BB1-38FC-441E-A3EC-A5366BB2D12B}"
EndProject
Global
	GlobalSection(SolutionConfigurationPlatforms) = preSolution
		Debug|Any CPU = Debug|Any CPU
		Release|Any CPU = Release|Any CPU
	EndGlobalSection
	GlobalSection(ProjectConfigurationPlatforms) = postSolution
		{F4751C2F-27DC-4E91-BB24-8D5C6BBF3476}.Debug|Any CPU.ActiveCfg = Debug|Any CPU
		{F4751C2F-27DC-4E91-BB24-8D5C6BBF3476}.Debug|Any CPU.Build.0 = Debug|Any CPU
		{F4751C2F-27DC-4E91-BB24-8D5C6BBF3476}.Release|Any CPU.ActiveCfg = Release|Any CPU
		{F4751C2F-27DC-4E91-BB24-8D5C6BBF3476}.Release|Any CPU.Build.0 = Release|Any CPU
		{7F5C2EEB-E5A6-4110-BBF9-409839FC5627}.Debug|Any CPU.ActiveCfg = Debug|Any CPU
		{7F5C2EEB-E5A6-4110-BBF9-409839FC5627}.Debug|Any CPU.Build.0 = Debug|Any CPU
		{7F5C2EEB-E5A6-4110-BBF9-409839FC5627}.Release|Any CPU.ActiveCfg = Release|Any CPU
		{7F5C2EEB-E5A6-4110-BBF9-409839FC5627}.Release|Any CPU.Build.0 = Release|Any CPU
		{76FC0BB1-38FC-441E-A3EC-A5366BB2D12B}.Debug|Any CPU.ActiveCfg = Debug|Any CPU
		{76FC0BB1-38FC-441E-A3EC-A5366BB2D12B}.Debug|Any CPU.Build.0 = Debug|Any CPU
		{76FC0BB1-38FC-441E-A3EC-A5366BB2D12B}.Release|Any CPU.ActiveCfg = Release|Any CPU
		{76FC0BB1-38FC-441E-A3EC-A5366BB2D12B}.Release|Any CPU.Build.0 = Release|Any CPU
	EndGlobalSection
	GlobalSection(SolutionProperties) = preSolution
		HideSolutionNode = FALSE
	EndGlobalSection
	GlobalSection(ExtensibilityGlobals) = postSolution
		SolutionGuid = {0CD231B7-B2A0-4966-96D5-574874877A03}
	EndGlobalSection
EndGlobal
